# This file is automatically @generated by Wally.
# It is not intended for manual editing.
registry = "test"

[[package]]
name = "data-oriented-house/lemonsignal"
version = "1.10.0"
dependencies = []

[[package]]
name = "jeffrey/broadcaster"
version = "0.1.0"
dependencies = [["lemonsignal", "data-oriented-house/lemonsignal@1.10.0"]]
